
Microsoft Visual Studio Solution File, Format Version 12.00
# Visual Studio Version 17
VisualStudioVersion = 17.4.33205.214
MinimumVisualStudioVersion = 10.0.40219.1
Project("{FAE04EC0-301F-11D3-BF4B-00C04F79EFBC}") = "Hello World", "Hello World\Hello World.csproj", "{AC961149-F6FE-4B64-B070-031C7AEA9705}"
EndProject
Project("{FAE04EC0-301F-11D3-BF4B-00C04F79EFBC}") = "testing", "testing\testing.csproj", "{F30B168B-D9BE-4B8B-B5CE-DF234D62476D}"
EndProject
Global
	GlobalSection(SolutionConfigurationPlatforms) = preSolution
		Debug|Any CPU = Debug|Any CPU
		Release|Any CPU = Release|Any CPU
	EndGlobalSection
	GlobalSection(ProjectConfigurationPlatforms) = postSolution
		{AC961149-F6FE-4B64-B070-031C7AEA9705}.Debug|Any CPU.ActiveCfg = Debug|Any CPU
		{AC961149-F6FE-4B64-B070-031C7AEA9705}.Debug|Any CPU.Build.0 = Debug|Any CPU
		{AC961149-F6FE-4B64-B070-031C7AEA9705}.Release|Any CPU.ActiveCfg = Release|Any CPU
		{AC961149-F6FE-4B64-B070-031C7AEA9705}.Release|Any CPU.Build.0 = Release|Any CPU
		{F30B168B-D9BE-4B8B-B5CE-DF234D62476D}.Debug|Any CPU.ActiveCfg = Debug|Any CPU
		{F30B168B-D9BE-4B8B-B5CE-DF234D62476D}.Debug|Any CPU.Build.0 = Debug|Any CPU
		{F30B168B-D9BE-4B8B-B5CE-DF234D62476D}.Release|Any CPU.ActiveCfg = Release|Any CPU
		{F30B168B-D9BE-4B8B-B5CE-DF234D62476D}.Release|Any CPU.Build.0 = Release|Any CPU
	EndGlobalSection
	GlobalSection(SolutionProperties) = preSolution
		HideSolutionNode = FALSE
	EndGlobalSection
	GlobalSection(ExtensibilityGlobals) = postSolution
		SolutionGuid = {73653ECA-5CA1-4B61-991F-DA3DC7829912}
	EndGlobalSection
EndGlobal
